// !$*UTF8*$!
{
	archiveVersion = 1;
	classes = {
	};
	objectVersion = 77;
	objects = {

/* Begin PBXBuildFile section */
		3B234934301C181000BD3337 /* WheelHoursApp.swift in Sources */ = {isa = PBXBuildFile; fileRef = 3B234933301C181000BD3337 /* WheelHoursApp.swift */; };
		3B234936301C181000BD3337 /* ContentView.swift in Sources */ = {isa = PBXBuildFile; fileRef = 3B234935301C181000BD3337 /* ContentView.swift */; };
		3B234938301C181200BD3337 /* Assets.xcassets in Resources */ = {isa = PBXBuildFile; fileRef = 3B234937301C181200BD3337 /* Assets.xcassets */; };
		3B2349B9301C1C3700BD3337 /* LocationTrackingService.java in Sources */ = {isa = PBXBuildFile; fileRef = 3B234993301C1C3700BD3337 /* LocationTrackingService.java */; };
		3B2349BA301C1C3700BD3337 /* MainActivity.java in Sources */ = {isa = PBXBuildFile; fileRef = 3B234995301C1C3700BD3337 /* MainActivity.java */; };
		3B2349D4301C1C3700BD3337 /* db_config.ini in Resources */ = {isa = PBXBuildFile; fileRef = 3B234990301C1C3700BD3337 /* db_config.ini */; };
		3B2349D5301C1C3700BD3337 /* ExportView.js in Resources */ = {isa = PBXBuildFile; fileRef = 3B234991301C1C3700BD3337 /* ExportView.js */; };
		3B2349D6301C1C3700BD3337 /* ExportView.py in Resources */ = {isa = PBXBuildFile; fileRef = 3B234992301C1C3700BD3337 /* ExportView.py */; };
		3B2349D7301C1C3700BD3337 /* LocationTrackingServiceMathTests.cs in Resources */ = {isa = PBXBuildFile; fileRef = 3B234994301C1C3700BD3337 /* LocationTrackingServiceMathTests.cs */; };
		3B2349D8301C1C3700BD3337 /* QueryOptimizer.py in Resources */ = {isa = PBXBuildFile; fileRef = 3B234996301C1C3700BD3337 /* QueryOptimizer.py */; };
		3B2349D9301C1C3700BD3337 /* README.md in Resources */ = {isa = PBXBuildFile; fileRef = 3B234997301C1C3700BD3337 /* README.md */; };
		3B234A87301C277800BD3337 /* XCTest.framework in Frameworks */ = {isa = PBXBuildFile; fileRef = 3B234A83301C245700BD3337 /* XCTest.framework */; platformFilter = ios; };
/* End PBXBuildFile section */

/* Begin PBXContainerItemProxy section */
		3B234A7B301C237C00BD3337 /* PBXContainerItemProxy */ = {
			isa = PBXContainerItemProxy;
			containerPortal = 3B234928301C181000BD3337 /* Project object */;
			proxyType = 1;
			remoteGlobalIDString = 3B23492F301C181000BD3337;
			remoteInfo = WheelHours;
		};
/* End PBXContainerItemProxy section */

/* Begin PBXFileReference section */
		3B234930301C181000BD3337 /* WheelHours.app */ = {isa = PBXFileReference; explicitFileType = wrapper.application; includeInIndex = 0; path = WheelHours.app; sourceTree = BUILT_PRODUCTS_DIR; };
		3B234933301C181000BD3337 /* WheelHoursApp.swift */ = {isa = PBXFileReference; lastKnownFileType = sourcecode.swift; path = WheelHoursApp.swift; sourceTree = "<group>"; };
		3B234935301C181000BD3337 /* ContentView.swift */ = {isa = PBXFileReference; lastKnownFileType = sourcecode.swift; path = ContentView.swift; sourceTree = "<group>"; };
		3B234937301C181200BD3337 /* Assets.xcassets */ = {isa = PBXFileReference; lastKnownFileType = folder.assetcatalog; path = Assets.xcassets; sourceTree = "<group>"; };
		3B234990301C1C3700BD3337 /* db_config.ini */ = {isa = PBXFileReference; lastKnownFileType = text; path = db_config.ini; sourceTree = "<group>"; };
		3B234991301C1C3700BD3337 /* ExportView.js */ = {isa = PBXFileReference; lastKnownFileType = sourcecode.javascript; path = ExportView.js; sourceTree = "<group>"; };
		3B234992301C1C3700BD3337 /* ExportView.py */ = {isa = PBXFileReference; lastKnownFileType = text.script.python; path = ExportView.py; sourceTree = "<group>"; };
		3B234993301C1C3700BD3337 /* LocationTrackingService.java */ = {isa = PBXFileReference; lastKnownFileType = sourcecode.java; path = LocationTrackingService.java; sourceTree = "<group>"; };
		3B234994301C1C3700BD3337 /* LocationTrackingServiceMathTests.cs */ = {isa = PBXFileReference; lastKnownFileType = text; path = LocationTrackingServiceMathTests.cs; sourceTree = "<group>"; };
		3B234995301C1C3700BD3337 /* MainActivity.java */ = {isa = PBXFileReference; lastKnownFileType = sourcecode.java; path = MainActivity.java; sourceTree = "<group>"; };
		3B234996301C1C3700BD3337 /* QueryOptimizer.py */ = {isa = PBXFileReference; lastKnownFileType = text.script.python; path = QueryOptimizer.py; sourceTree = "<group>"; };
		3B234997301C1C3700BD3337 /* README.md */ = {isa = PBXFileReference; lastKnownFileType = net.daringfireball.markdown; path = README.md; sourceTree = "<group>"; };
		3B234A77301C237C00BD3337 /* WheelHoursTests.xctest */ = {isa = PBXFileReference; explicitFileType = wrapper.cfbundle; includeInIndex = 0; path = WheelHoursTests.xctest; sourceTree = BUILT_PRODUCTS_DIR; };
		3B234A83301C245700BD3337 /* XCTest.framework */ = {isa = PBXFileReference; lastKnownFileType = wrapper.framework; name = XCTest.framework; path = Platforms/iPhoneOS.platform/Developer/Library/Frameworks/XCTest.framework; sourceTree = DEVELOPER_DIR; };
		3BB2EE63301C292C00E27423 /* WheelHours-Info.plist */ = {isa = PBXFileReference; lastKnownFileType = text.plist; path = "WheelHours-Info.plist"; sourceTree = "<group>"; };
/* End PBXFileReference section */

/* Begin PBXFileSystemSynchronizedBuildFileExceptionSet section */
		3B234A66301C1FA800BD3337 /* Exceptions for "api" folder in "WheelHours" target */ = {
			isa = PBXFileSystemSynchronizedBuildFileExceptionSet;
			membershipExceptions = (
				"export-pdf.js",
			);
			target = 3B23492F301C181000BD3337 /* WheelHours */;
		};
		3B234A67301C1FA800BD3337 /* Exceptions for "Controllers" folder in "WheelHours" target */ = {
			isa = PBXFileSystemSynchronizedBuildFileExceptionSet;
			membershipExceptions = (
				HomeController.cs,
			);
			target = 3B23492F301C181000BD3337 /* WheelHours */;
		};
		3B234A68301C1FA800BD3337 /* Exceptions for "Data" folder in "WheelHours" target */ = {
			isa = PBXFileSystemSynchronizedBuildFileExceptionSet;
			membershipExceptions = (
				PaginatedList.cs,
			);
			target = 3B23492F301C181000BD3337 /* WheelHours */;
		};
		3B234A69301C1FA800BD3337 /* Exceptions for "Domain" folder in "WheelHours" target */ = {
			isa = PBXFileSystemSynchronizedBuildFileExceptionSet;
			membershipExceptions = (
				Models/DriveLog.swift,
				Models/DriverProfile.swift,
				Models/RoadCondition.swift,
				Models/StateDMVPreset.swift,
				Models/Supervisor.swift,
				Models/Vehicle.swift,
				Services/ActiveDriveRecoveryService.swift,
				Services/FreemiumGateService.swift,
				Services/LocationTrackingService.swift,
				Services/ManualEntryLogger.swift,
				Services/PDFExportService.swift,
				Services/StateDMVPresetEngine.swift,
				Services/StoreKitService.swift,
				Services/TimeCalculationService.swift,
			);
			target = 3B23492F301C181000BD3337 /* WheelHours */;
		};
		3B234A6A301C1FA800BD3337 /* Exceptions for "ManageSupervisorsVehiclesView" folder in "WheelHours" target */ = {
			isa = PBXFileSystemSynchronizedBuildFileExceptionSet;
			membershipExceptions = (
				UI/App.js,
				UI/Components/VehicleForm.jsx,
				UI/Pages/ManageSupervisors.jsx,
				UI/Pages/ManageSupervisorsVehicles.jsx,
			);
			target = 3B23492F301C181000BD3337 /* WheelHours */;
		};
		3B234A6B301C1FA800BD3337 /* Exceptions for "Models" folder in "WheelHours" target */ = {
			isa = PBXFileSystemSynchronizedBuildFileExceptionSet;
			membershipExceptions = (
				ApplicationDbContext.cs,
				DriveLog.cs,
				LogEntry.cs,
			);
			target = 3B23492F301C181000BD3337 /* WheelHours */;
		};
		3B234A6C301C1FA800BD3337 /* Exceptions for "PaywallView" folder in "WheelHours" target */ = {
			isa = PBXFileSystemSynchronizedBuildFileExceptionSet;
			membershipExceptions = (
				"iap-helper.js",
				index.js,
				purchase.js,
			);
			target = 3B23492F301C181000BD3337 /* WheelHours */;
		};
		3B234A6D301C1FA800BD3337 /* Exceptions for "Presentation" folder in "WheelHours" target */ = {
			isa = PBXFileSystemSynchronizedBuildFileExceptionSet;
			membershipExceptions = (
				Components/MultiSelectTagView.swift,
				Components/ProgressRingView.swift,
				Components/SignatureCaptureView.swift,
				Screens/DashboardView.swift,
				Screens/DashboardViewModel.swift,
				Screens/ExportView.swift,
				Screens/ExportViewModel.swift,
				Screens/ManageSupervisorsVehiclesView.swift,
				Screens/ManualLogView.swift,
				Screens/ManualLogViewModel.swift,
				Screens/OnboardingView.swift,
				Screens/OnboardingViewModel.swift,
				Screens/PaywallView.swift,
			);
			target = 3B23492F301C181000BD3337 /* WheelHours */;
		};
		3B234A6E301C1FA800BD3337 /* Exceptions for "Resources" folder in "WheelHours" target */ = {
			isa = PBXFileSystemSynchronizedBuildFileExceptionSet;
			membershipExceptions = (
				DriveTrack.storekit,
			);
			target = 3B23492F301C181000BD3337 /* WheelHours */;
		};
		3B234A6F301C1FA800BD3337 /* Exceptions for "Services" folder in "WheelHours" target */ = {
			isa = PBXFileSystemSynchronizedBuildFileExceptionSet;
			membershipExceptions = (
				Command.cs,
			);
			target = 3B23492F301C181000BD3337 /* WheelHours */;
		};
		3B234A71301C1FA800BD3337 /* Exceptions for "ViewModels" folder in "WheelHours" target */ = {
			isa = PBXFileSystemSynchronizedBuildFileExceptionSet;
			membershipExceptions = (
				BaseViewModel.cs,
				ManualLogViewModel.cs,
			);
			target = 3B23492F301C181000BD3337 /* WheelHours */;
		};
		3B234A72301C1FA800BD3337 /* Exceptions for "views" folder in "WheelHours" target */ = {
			isa = PBXFileSystemSynchronizedBuildFileExceptionSet;
			membershipExceptions = (
				ExportView.cs,
				Home/Index.cshtml,
			);
			target = 3B23492F301C181000BD3337 /* WheelHours */;
		};
/* End PBXFileSystemSynchronizedBuildFileExceptionSet section */

/* Begin PBXFileSystemSynchronizedRootGroup section */
		3B2349DB301C1FA800BD3337 /* api */ = {
			isa = PBXFileSystemSynchronizedRootGroup;
			exceptions = (
				3B234A66301C1FA800BD3337 /* Exceptions for "api" folder in "WheelHours" target */,
			);
			path = api;
			sourceTree = "<group>";
		};
		3B2349DF301C1FA800BD3337 /* Controllers */ = {
			isa = PBXFileSystemSynchronizedRootGroup;
			exceptions = (
				3B234A67301C1FA800BD3337 /* Exceptions for "Controllers" folder in "WheelHours" target */,
			);
			path = Controllers;
			sourceTree = "<group>";
		};
		3B2349E1301C1FA800BD3337 /* Data */ = {
			isa = PBXFileSystemSynchronizedRootGroup;
			exceptions = (
				3B234A68301C1FA800BD3337 /* Exceptions for "Data" folder in "WheelHours" target */,
			);
			path = Data;
			sourceTree = "<group>";
		};
		3B2349F3301C1FA800BD3337 /* Domain */ = {
			isa = PBXFileSystemSynchronizedRootGroup;
			exceptions = (
				3B234A69301C1FA800BD3337 /* Exceptions for "Domain" folder in "WheelHours" target */,
			);
			path = Domain;
			sourceTree = "<group>";
		};
		3B2349FB301C1FA800BD3337 /* ManageSupervisorsVehiclesView */ = {
			isa = PBXFileSystemSynchronizedRootGroup;
			exceptions = (
				3B234A6A301C1FA800BD3337 /* Exceptions for "ManageSupervisorsVehiclesView" folder in "WheelHours" target */,
			);
			path = ManageSupervisorsVehiclesView;
			sourceTree = "<group>";
		};
		3B2349FF301C1FA800BD3337 /* Models */ = {
			isa = PBXFileSystemSynchronizedRootGroup;
			exceptions = (
				3B234A6B301C1FA800BD3337 /* Exceptions for "Models" folder in "WheelHours" target */,
			);
			path = Models;
			sourceTree = "<group>";
		};
		3B234A03301C1FA800BD3337 /* PaywallView */ = {
			isa = PBXFileSystemSynchronizedRootGroup;
			exceptions = (
				3B234A6C301C1FA800BD3337 /* Exceptions for "PaywallView" folder in "WheelHours" target */,
			);
			path = PaywallView;
			sourceTree = "<group>";
		};
		3B234A15301C1FA800BD3337 /* Presentation */ = {
			isa = PBXFileSystemSynchronizedRootGroup;
			exceptions = (
				3B234A6D301C1FA800BD3337 /* Exceptions for "Presentation" folder in "WheelHours" target */,
			);
			path = Presentation;
			sourceTree = "<group>";
		};
		3B234A18301C1FA800BD3337 /* Resources */ = {
			isa = PBXFileSystemSynchronizedRootGroup;
			exceptions = (
				3B234A6E301C1FA800BD3337 /* Exceptions for "Resources" folder in "WheelHours" target */,
			);
			path = Resources;
			sourceTree = "<group>";
		};
		3B234A1A301C1FA800BD3337 /* Services */ = {
			isa = PBXFileSystemSynchronizedRootGroup;
			exceptions = (
				3B234A6F301C1FA800BD3337 /* Exceptions for "Services" folder in "WheelHours" target */,
			);
			path = Services;
			sourceTree = "<group>";
		};
		3B234A27301C1FA800BD3337 /* ViewModels */ = {
			isa = PBXFileSystemSynchronizedRootGroup;
			exceptions = (
				3B234A71301C1FA800BD3337 /* Exceptions for "ViewModels" folder in "WheelHours" target */,
			);
			path = ViewModels;
			sourceTree = "<group>";
		};
		3B234A2B301C1FA800BD3337 /* views */ = {
			isa = PBXFileSystemSynchronizedRootGroup;
			exceptions = (
				3B234A72301C1FA800BD3337 /* Exceptions for "views" folder in "WheelHours" target */,
			);
			path = views;
			sourceTree = "<group>";
		};
		3B234A78301C237C00BD3337 /* WheelHoursTests */ = {
			isa = PBXFileSystemSynchronizedRootGroup;
			path = WheelHoursTests;
			sourceTree = "<group>";
		};
/* End PBXFileSystemSynchronizedRootGroup section */

/* Begin PBXFrameworksBuildPhase section */
		3B23492D301C181000BD3337 /* Frameworks */ = {
			isa = PBXFrameworksBuildPhase;
			buildActionMask = 2147483647;
			files = (
			);
			runOnlyForDeploymentPostprocessing = 0;
		};
		3B234A74301C237C00BD3337 /* Frameworks */ = {
			isa = PBXFrameworksBuildPhase;
			buildActionMask = 2147483647;
			files = (
				3B234A87301C277800BD3337 /* XCTest.framework in Frameworks */,
			);
			runOnlyForDeploymentPostprocessing = 0;
		};
/* End PBXFrameworksBuildPhase section */

/* Begin PBXGroup section */
		3B234927301C181000BD3337 = {
			isa = PBXGroup;
			children = (
				3BB2EE63301C292C00E27423 /* WheelHours-Info.plist */,
				3B234A78301C237C00BD3337 /* WheelHoursTests */,
				3B234931301C181000BD3337 /* Products */,
				3B2349DB301C1FA800BD3337 /* api */,
				3B2349DF301C1FA800BD3337 /* Controllers */,
				3B2349E1301C1FA800BD3337 /* Data */,
				3B2349F3301C1FA800BD3337 /* Domain */,
				3B2349FB301C1FA800BD3337 /* ManageSupervisorsVehiclesView */,
				3B2349FF301C1FA800BD3337 /* Models */,
				3B234A03301C1FA800BD3337 /* PaywallView */,
				3B234A15301C1FA800BD3337 /* Presentation */,
				3B234A18301C1FA800BD3337 /* Resources */,
				3B234A1A301C1FA800BD3337 /* Services */,
				3B234A27301C1FA800BD3337 /* ViewModels */,
				3B234A2B301C1FA800BD3337 /* views */,
				3B234937301C181200BD3337 /* Assets.xcassets */,
				3B234935301C181000BD3337 /* ContentView.swift */,
				3B234990301C1C3700BD3337 /* db_config.ini */,
				3B234991301C1C3700BD3337 /* ExportView.js */,
				3B234992301C1C3700BD3337 /* ExportView.py */,
				3B234993301C1C3700BD3337 /* LocationTrackingService.java */,
				3B234994301C1C3700BD3337 /* LocationTrackingServiceMathTests.cs */,
				3B234995301C1C3700BD3337 /* MainActivity.java */,
				3B234996301C1C3700BD3337 /* QueryOptimizer.py */,
				3B234997301C1C3700BD3337 /* README.md */,
				3B234933301C181000BD3337 /* WheelHoursApp.swift */,
				3B234A82301C245600BD3337 /* Frameworks */,
			);
			sourceTree = "<group>";
		};
		3B234931301C181000BD3337 /* Products */ = {
			isa = PBXGroup;
			children = (
				3B234930301C181000BD3337 /* WheelHours.app */,
				3B234A77301C237C00BD3337 /* WheelHoursTests.xctest */,
			);
			name = Products;
			sourceTree = "<group>";
		};
		3B234A82301C245600BD3337 /* Frameworks */ = {
			isa = PBXGroup;
			children = (
				3B234A83301C245700BD3337 /* XCTest.framework */,
			);
			name = Frameworks;
			sourceTree = "<group>";
		};
/* End PBXGroup section */

/* Begin PBXNativeTarget section */
		3B23492F301C181000BD3337 /* WheelHours */ = {
			isa = PBXNativeTarget;
			buildConfigurationList = 3B23493B301C181200BD3337 /* Build configuration list for PBXNativeTarget "WheelHours" */;
			buildPhases = (
				3B23492C301C181000BD3337 /* Sources */,
				3B23492D301C181000BD3337 /* Frameworks */,
				3B23492E301C181000BD3337 /* Resources */,
			);
			buildRules = (
			);
			dependencies = (
			);
			name = WheelHours;
			packageProductDependencies = (
			);
			productName = WheelHours;
			productReference = 3B234930301C181000BD3337 /* WheelHours.app */;
			productType = "com.apple.product-type.application";
		};
		3B234A76301C237C00BD3337 /* WheelHoursTests */ = {
			isa = PBXNativeTarget;
			buildConfigurationList = 3B234A7D301C237C00BD3337 /* Build configuration list for PBXNativeTarget "WheelHoursTests" */;
			buildPhases = (
				3B234A73301C237C00BD3337 /* Sources */,
				3B234A74301C237C00BD3337 /* Frameworks */,
				3B234A75301C237C00BD3337 /* Resources */,
			);
			buildRules = (
			);
			dependencies = (
				3B234A7C301C237C00BD3337 /* PBXTargetDependency */,
			);
			fileSystemSynchronizedGroups = (
				3B234A78301C237C00BD3337 /* WheelHoursTests */,
			);
			name = WheelHoursTests;
			packageProductDependencies = (
			);
			productName = WheelHoursTests;
			productReference = 3B234A77301C237C00BD3337 /* WheelHoursTests.xctest */;
			productType = "com.apple.product-type.bundle.unit-test";
		};
/* End PBXNativeTarget section */

/* Begin PBXProject section */
		3B234928301C181000BD3337 /* Project object */ = {
			isa = PBXProject;
			attributes = {
				BuildIndependentTargetsInParallel = 1;
				LastSwiftUpdateCheck = 2630;
				LastUpgradeCheck = 2630;
				TargetAttributes = {
					3B23492F301C181000BD3337 = {
						CreatedOnToolsVersion = 26.3;
					};
					3B234A76301C237C00BD3337 = {
						CreatedOnToolsVersion = 26.3;
						TestTargetID = 3B23492F301C181000BD3337;
					};
				};
			};
			buildConfigurationList = 3B23492B301C181000BD3337 /* Build configuration list for PBXProject "WheelHours" */;
			developmentRegion = en;
			hasScannedForEncodings = 0;
			knownRegions = (
				en,
				Base,
			);
			mainGroup = 3B234927301C181000BD3337;
			minimizedProjectReferenceProxies = 1;
			preferredProjectObjectVersion = 77;
			productRefGroup = 3B234931301C181000BD3337 /* Products */;
			projectDirPath = "";
			projectRoot = "";
			targets = (
				3B23492F301C181000BD3337 /* WheelHours */,
				3B234A76301C237C00BD3337 /* WheelHoursTests */,
			);
		};
/* End PBXProject section */

/* Begin PBXResourcesBuildPhase section */
		3B23492E301C181000BD3337 /* Resources */ = {
			isa = PBXResourcesBuildPhase;
			buildActionMask = 2147483647;
			files = (
				3B2349D4301C1C3700BD3337 /* db_config.ini in Resources */,
				3B2349D5301C1C3700BD3337 /* ExportView.js in Resources */,
				3B2349D6301C1C3700BD3337 /* ExportView.py in Resources */,
				3B2349D7301C1C3700BD3337 /* LocationTrackingServiceMathTests.cs in Resources */,
				3B2349D8301C1C3700BD3337 /* QueryOptimizer.py in Resources */,
				3B2349D9301C1C3700BD3337 /* README.md in Resources */,
				3B234938301C181200BD3337 /* Assets.xcassets in Resources */,
			);
			runOnlyForDeploymentPostprocessing = 0;
		};
		3B234A75301C237C00BD3337 /* Resources */ = {
			isa = PBXResourcesBuildPhase;
			buildActionMask = 2147483647;
			files = (
			);
			runOnlyForDeploymentPostprocessing = 0;
		};
/* End PBXResourcesBuildPhase section */

/* Begin PBXSourcesBuildPhase section */
		3B23492C301C181000BD3337 /* Sources */ = {
			isa = PBXSourcesBuildPhase;
			buildActionMask = 2147483647;
			files = (
				3B2349B9301C1C3700BD3337 /* LocationTrackingService.java in Sources */,
				3B2349BA301C1C3700BD3337 /* MainActivity.java in Sources */,
				3B234936301C181000BD3337 /* ContentView.swift in Sources */,
				3B234934301C181000BD3337 /* WheelHoursApp.swift in Sources */,
			);
			runOnlyForDeploymentPostprocessing = 0;
		};
		3B234A73301C237C00BD3337 /* Sources */ = {
			isa = PBXSourcesBuildPhase;
			buildActionMask = 2147483647;
			files = (
			);
			runOnlyForDeploymentPostprocessing = 0;
		};
/* End PBXSourcesBuildPhase section */

/* Begin PBXTargetDependency section */
		3B234A7C301C237C00BD3337 /* PBXTargetDependency */ = {
			isa = PBXTargetDependency;
			target = 3B23492F301C181000BD3337 /* WheelHours */;
			targetProxy = 3B234A7B301C237C00BD3337 /* PBXContainerItemProxy */;
		};
/* End PBXTargetDependency section */

/* Begin XCBuildConfiguration section */
		3B234939301C181200BD3337 /* Debug */ = {
			isa = XCBuildConfiguration;
			buildSettings = {
				ALWAYS_SEARCH_USER_PATHS = NO;
				ASSETCATALOG_COMPILER_GENERATE_SWIFT_ASSET_SYMBOL_EXTENSIONS = YES;
				CLANG_ANALYZER_NONNULL = YES;
				CLANG_ANALYZER_NUMBER_OBJECT_CONVERSION = YES_AGGRESSIVE;
				CLANG_CXX_LANGUAGE_STANDARD = "gnu++20";
				CLANG_ENABLE_MODULES = YES;
				CLANG_ENABLE_OBJC_ARC = YES;
				CLANG_ENABLE_OBJC_WEAK = YES;
				CLANG_WARN_BLOCK_CAPTURE_AUTORELEASING = YES;
				CLANG_WARN_BOOL_CONVERSION = YES;
				CLANG_WARN_COMMA = YES;
				CLANG_WARN_CONSTANT_CONVERSION = YES;
				CLANG_WARN_DEPRECATED_OBJC_IMPLEMENTATIONS = YES;
				CLANG_WARN_DIRECT_OBJC_ISA_USAGE = YES_ERROR;
				CLANG_WARN_DOCUMENTATION_COMMENTS = YES;
				CLANG_WARN_EMPTY_BODY = YES;
				CLANG_WARN_ENUM_CONVERSION = YES;
				CLANG_WARN_INFINITE_RECURSION = YES;
				CLANG_WARN_INT_CONVERSION = YES;
				CLANG_WARN_NON_LITERAL_NULL_CONVERSION = YES;
				CLANG_WARN_OBJC_IMPLICIT_RETAIN_SELF = YES;
				CLANG_WARN_OBJC_LITERAL_CONVERSION = YES;
				CLANG_WARN_OBJC_ROOT_CLASS = YES_ERROR;
				CLANG_WARN_QUOTED_INCLUDE_IN_FRAMEWORK_HEADER = YES;
				CLANG_WARN_RANGE_LOOP_ANALYSIS = YES;
				CLANG_WARN_STRICT_PROTOTYPES = YES;
				CLANG_WARN_SUSPICIOUS_MOVE = YES;
				CLANG_WARN_UNGUARDED_AVAILABILITY = YES_AGGRESSIVE;
				CLANG_WARN_UNREACHABLE_CODE = YES;
				CLANG_WARN__DUPLICATE_METHOD_MATCH = YES;
				COPY_PHASE_STRIP = NO;
				DEBUG_INFORMATION_FORMAT = dwarf;
				DEVELOPMENT_TEAM = 2HY6LBD2R2;
				ENABLE_STRICT_OBJC_MSGSEND = YES;
				ENABLE_TESTABILITY = YES;
				ENABLE_USER_SCRIPT_SANDBOXING = YES;
				GCC_C_LANGUAGE_STANDARD = gnu17;
				GCC_DYNAMIC_NO_PIC = NO;
				GCC_NO_COMMON_BLOCKS = YES;
				GCC_OPTIMIZATION_LEVEL = 0;
				GCC_PREPROCESSOR_DEFINITIONS = (
					"DEBUG=1",
					"$(inherited)",
				);
				GCC_WARN_64_TO_32_BIT_CONVERSION = YES;
				GCC_WARN_ABOUT_RETURN_TYPE = YES_ERROR;
				GCC_WARN_UNDECLARED_SELECTOR = YES;
				GCC_WARN_UNINITIALIZED_AUTOS = YES_AGGRESSIVE;
				GCC_WARN_UNUSED_FUNCTION = YES;
				GCC_WARN_UNUSED_VARIABLE = YES;
				IPHONEOS_DEPLOYMENT_TARGET = 26.2;
				LOCALIZATION_PREFERS_STRING_CATALOGS = YES;
				MTL_ENABLE_DEBUG_INFO = INCLUDE_SOURCE;
				MTL_FAST_MATH = YES;
				ONLY_ACTIVE_ARCH = YES;
				SDKROOT = iphoneos;
				SWIFT_ACTIVE_COMPILATION_CONDITIONS = "DEBUG $(inherited)";
				SWIFT_OPTIMIZATION_LEVEL = "-Onone";
			};
			name = Debug;
		};
		3B23493A301C181200BD3337 /* Release */ = {
			isa = XCBuildConfiguration;
			buildSettings = {
				ALWAYS_SEARCH_USER_PATHS = NO;
				ASSETCATALOG_COMPILER_GENERATE_SWIFT_ASSET_SYMBOL_EXTENSIONS = YES;
				CLANG_ANALYZER_NONNULL = YES;
				CLANG_ANALYZER_NUMBER_OBJECT_CONVERSION = YES_AGGRESSIVE;
				CLANG_CXX_LANGUAGE_STANDARD = "gnu++20";
				CLANG_ENABLE_MODULES = YES;
				CLANG_ENABLE_OBJC_ARC = YES;
				CLANG_ENABLE_OBJC_WEAK = YES;
				CLANG_WARN_BLOCK_CAPTURE_AUTORELEASING = YES;
				CLANG_WARN_BOOL_CONVERSION = YES;
				CLANG_WARN_COMMA = YES;
				CLANG_WARN_CONSTANT_CONVERSION = YES;
				CLANG_WARN_DEPRECATED_OBJC_IMPLEMENTATIONS = YES;
				CLANG_WARN_DIRECT_OBJC_ISA_USAGE = YES_ERROR;
				CLANG_WARN_DOCUMENTATION_COMMENTS = YES;
				CLANG_WARN_EMPTY_BODY = YES;
				CLANG_WARN_ENUM_CONVERSION = YES;
				CLANG_WARN_INFINITE_RECURSION = YES;
				CLANG_WARN_INT_CONVERSION = YES;
				CLANG_WARN_NON_LITERAL_NULL_CONVERSION = YES;
				CLANG_WARN_OBJC_IMPLICIT_RETAIN_SELF = YES;
				CLANG_WARN_OBJC_LITERAL_CONVERSION = YES;
				CLANG_WARN_OBJC_ROOT_CLASS = YES_ERROR;
				CLANG_WARN_QUOTED_INCLUDE_IN_FRAMEWORK_HEADER = YES;
				CLANG_WARN_RANGE_LOOP_ANALYSIS = YES;
				CLANG_WARN_STRICT_PROTOTYPES = YES;
				CLANG_WARN_SUSPICIOUS_MOVE = YES;
				CLANG_WARN_UNGUARDED_AVAILABILITY = YES_AGGRESSIVE;
				CLANG_WARN_UNREACHABLE_CODE = YES;
				CLANG_WARN__DUPLICATE_METHOD_MATCH = YES;
				COPY_PHASE_STRIP = NO;
				DEBUG_INFORMATION_FORMAT = "dwarf-with-dsym";
				DEVELOPMENT_TEAM = 2HY6LBD2R2;
				ENABLE_NS_ASSERTIONS = NO;
				ENABLE_STRICT_OBJC_MSGSEND = YES;
				ENABLE_USER_SCRIPT_SANDBOXING = YES;
				GCC_C_LANGUAGE_STANDARD = gnu17;
				GCC_NO_COMMON_BLOCKS = YES;
				GCC_WARN_64_TO_32_BIT_CONVERSION = YES;
				GCC_WARN_ABOUT_RETURN_TYPE = YES_ERROR;
				GCC_WARN_UNDECLARED_SELECTOR = YES;
				GCC_WARN_UNINITIALIZED_AUTOS = YES_AGGRESSIVE;
				GCC_WARN_UNUSED_FUNCTION = YES;
				GCC_WARN_UNUSED_VARIABLE = YES;
				IPHONEOS_DEPLOYMENT_TARGET = 26.2;
				LOCALIZATION_PREFERS_STRING_CATALOGS = YES;
				MTL_ENABLE_DEBUG_INFO = NO;
				MTL_FAST_MATH = YES;
				SDKROOT = iphoneos;
				SWIFT_COMPILATION_MODE = wholemodule;
				VALIDATE_PRODUCT = YES;
			};
			name = Release;
		};
		3B23493C301C181200BD3337 /* Debug */ = {
			isa = XCBuildConfiguration;
			buildSettings = {
				ASSETCATALOG_COMPILER_APPICON_NAME = AppIcon;
				ASSETCATALOG_COMPILER_GLOBAL_ACCENT_COLOR_NAME = AccentColor;
				CODE_SIGN_STYLE = Automatic;
				CURRENT_PROJECT_VERSION = 1;
				DEVELOPMENT_TEAM = 2HY6LBD2R2;
				ENABLE_PREVIEWS = YES;
				GENERATE_INFOPLIST_FILE = YES;
				INFOPLIST_FILE = "WheelHours-Info.plist";
				INFOPLIST_KEY_UIApplicationSceneManifest_Generation = YES;
				INFOPLIST_KEY_UIApplicationSupportsIndirectInputEvents = YES;
				INFOPLIST_KEY_UILaunchScreen_Generation = YES;
				INFOPLIST_KEY_UISupportedInterfaceOrientations_iPad = "UIInterfaceOrientationPortrait UIInterfaceOrientationPortraitUpsideDown UIInterfaceOrientationLandscapeLeft UIInterfaceOrientationLandscapeRight";
				INFOPLIST_KEY_UISupportedInterfaceOrientations_iPhone = "UIInterfaceOrientationPortrait UIInterfaceOrientationLandscapeLeft UIInterfaceOrientationLandscapeRight";
				LD_RUNPATH_SEARCH_PATHS = (
					"$(inherited)",
					"@executable_path/Frameworks",
				);
				MARKETING_VERSION = 1.0;
				PRODUCT_BUNDLE_IDENTIFIER = hanbyinc.WheelHours;
				PRODUCT_NAME = "$(TARGET_NAME)";
				STRING_CATALOG_GENERATE_SYMBOLS = YES;
				SWIFT_APPROACHABLE_CONCURRENCY = YES;
				SWIFT_DEFAULT_ACTOR_ISOLATION = MainActor;
				SWIFT_EMIT_LOC_STRINGS = YES;
				SWIFT_UPCOMING_FEATURE_MEMBER_IMPORT_VISIBILITY = YES;
				SWIFT_VERSION = 5.0;
				TARGETED_DEVICE_FAMILY = "1,2";
			};
			name = Debug;
		};
		3B23493D301C181200BD3337 /* Release */ = {
			isa = XCBuildConfiguration;
			buildSettings = {
				ASSETCATALOG_COMPILER_APPICON_NAME = AppIcon;
				ASSETCATALOG_COMPILER_GLOBAL_ACCENT_COLOR_NAME = AccentColor;
				CODE_SIGN_STYLE = Automatic;
				CURRENT_PROJECT_VERSION = 1;
				DEVELOPMENT_TEAM = 2HY6LBD2R2;
				ENABLE_PREVIEWS = YES;
				GENERATE_INFOPLIST_FILE = YES;
				INFOPLIST_FILE = "WheelHours-Info.plist";
				INFOPLIST_KEY_UIApplicationSceneManifest_Generation = YES;
				INFOPLIST_KEY_UIApplicationSupportsIndirectInputEvents = YES;
				INFOPLIST_KEY_UILaunchScreen_Generation = YES;
				INFOPLIST_KEY_UISupportedInterfaceOrientations_iPad = "UIInterfaceOrientationPortrait UIInterfaceOrientationPortraitUpsideDown UIInterfaceOrientationLandscapeLeft UIInterfaceOrientationLandscapeRight";
				INFOPLIST_KEY_UISupportedInterfaceOrientations_iPhone = "UIInterfaceOrientationPortrait UIInterfaceOrientationLandscapeLeft UIInterfaceOrientationLandscapeRight";
				LD_RUNPATH_SEARCH_PATHS = (
					"$(inherited)",
					"@executable_path/Frameworks",
				);
				MARKETING_VERSION = 1.0;
				PRODUCT_BUNDLE_IDENTIFIER = hanbyinc.WheelHours;
				PRODUCT_NAME = "$(TARGET_NAME)";
				STRING_CATALOG_GENERATE_SYMBOLS = YES;
				SWIFT_APPROACHABLE_CONCURRENCY = YES;
				SWIFT_DEFAULT_ACTOR_ISOLATION = MainActor;
				SWIFT_EMIT_LOC_STRINGS = YES;
				SWIFT_UPCOMING_FEATURE_MEMBER_IMPORT_VISIBILITY = YES;
				SWIFT_VERSION = 5.0;
				TARGETED_DEVICE_FAMILY = "1,2";
			};
			name = Release;
		};
		3B234A7E301C237C00BD3337 /* Debug */ = {
			isa = XCBuildConfiguration;
			buildSettings = {
				BUNDLE_LOADER = "$(TEST_HOST)";
				CODE_SIGN_STYLE = Automatic;
				CURRENT_PROJECT_VERSION = 1;
				DEVELOPMENT_TEAM = 2HY6LBD2R2;
				GENERATE_INFOPLIST_FILE = YES;
				MARKETING_VERSION = 1.0;
				PRODUCT_BUNDLE_IDENTIFIER = hanbyinc.WheelHoursTests;
				PRODUCT_NAME = "$(TARGET_NAME)";
				STRING_CATALOG_GENERATE_SYMBOLS = NO;
				SWIFT_APPROACHABLE_CONCURRENCY = YES;
				SWIFT_EMIT_LOC_STRINGS = NO;
				SWIFT_UPCOMING_FEATURE_MEMBER_IMPORT_VISIBILITY = YES;
				SWIFT_VERSION = 5.0;
				TARGETED_DEVICE_FAMILY = "1,2";
				TEST_HOST = "$(BUILT_PRODUCTS_DIR)/WheelHours.app/$(BUNDLE_EXECUTABLE_FOLDER_PATH)/WheelHours";
			};
			name = Debug;
		};
		3B234A7F301C237C00BD3337 /* Release */ = {
			isa = XCBuildConfiguration;
			buildSettings = {
				BUNDLE_LOADER = "$(TEST_HOST)";
				CODE_SIGN_STYLE = Automatic;
				CURRENT_PROJECT_VERSION = 1;
				DEVELOPMENT_TEAM = 2HY6LBD2R2;
				GENERATE_INFOPLIST_FILE = YES;
				MARKETING_VERSION = 1.0;
				PRODUCT_BUNDLE_IDENTIFIER = hanbyinc.WheelHoursTests;
				PRODUCT_NAME = "$(TARGET_NAME)";
				STRING_CATALOG_GENERATE_SYMBOLS = NO;
				SWIFT_APPROACHABLE_CONCURRENCY = YES;
				SWIFT_EMIT_LOC_STRINGS = NO;
				SWIFT_UPCOMING_FEATURE_MEMBER_IMPORT_VISIBILITY = YES;
				SWIFT_VERSION = 5.0;
				TARGETED_DEVICE_FAMILY = "1,2";
				TEST_HOST = "$(BUILT_PRODUCTS_DIR)/WheelHours.app/$(BUNDLE_EXECUTABLE_FOLDER_PATH)/WheelHours";
			};
			name = Release;
		};
/* End XCBuildConfiguration section */

/* Begin XCConfigurationList section */
		3B23492B301C181000BD3337 /* Build configuration list for PBXProject "WheelHours" */ = {
			isa = XCConfigurationList;
			buildConfigurations = (
				3B234939301C181200BD3337 /* Debug */,
				3B23493A301C181200BD3337 /* Release */,
			);
			defaultConfigurationIsVisible = 0;
			defaultConfigurationName = Release;
		};
		3B23493B301C181200BD3337 /* Build configuration list for PBXNativeTarget "WheelHours" */ = {
			isa = XCConfigurationList;
			buildConfigurations = (
				3B23493C301C181200BD3337 /* Debug */,
				3B23493D301C181200BD3337 /* Release */,
			);
			defaultConfigurationIsVisible = 0;
			defaultConfigurationName = Release;
		};
		3B234A7D301C237C00BD3337 /* Build configuration list for PBXNativeTarget "WheelHoursTests" */ = {
			isa = XCConfigurationList;
			buildConfigurations = (
				3B234A7E301C237C00BD3337 /* Debug */,
				3B234A7F301C237C00BD3337 /* Release */,
			);
			defaultConfigurationIsVisible = 0;
			defaultConfigurationName = Release;
		};
/* End XCConfigurationList section */
	};
	rootObject = 3B234928301C181000BD3337 /* Project object */;
}
